
Microsoft Visual Studio Solution File, Format Version 12.00
# Visual Studio Version 16
VisualStudioVersion = 16.0.32407.337
MinimumVisualStudioVersion = 10.0.40219.1
Project("{FAE04EC0-301F-11D3-BF4B-00C04F79EFBC}") = "power-usage-monitor", "power-usage-monitor\power-usage-monitor.csproj", "{949A7E8D-CD9F-4863-86B8-0ACEAE086DE1}"
EndProject
Global
	GlobalSection(SolutionConfigurationPlatforms) = preSolution
		Debug|Any CPU = Debug|Any CPU
		Release|Any CPU = Release|Any CPU
	EndGlobalSection
	GlobalSection(ProjectConfigurationPlatforms) = postSolution
		{949A7E8D-CD9F-4863-86B8-0ACEAE086DE1}.Debug|Any CPU.ActiveCfg = Debug|Any CPU
		{949A7E8D-CD9F-4863-86B8-0ACEAE086DE1}.Debug|Any CPU.Build.0 = Debug|Any CPU
		{949A7E8D-CD9F-4863-86B8-0ACEAE086DE1}.Release|Any CPU.ActiveCfg = Release|Any CPU
		{949A7E8D-CD9F-4863-86B8-0ACEAE086DE1}.Release|Any CPU.Build.0 = Release|Any CPU
	EndGlobalSection
	GlobalSection(SolutionProperties) = preSolution
		HideSolutionNode = FALSE
	EndGlobalSection
	GlobalSection(ExtensibilityGlobals) = postSolution
		SolutionGuid = {5E76DB04-963E-414D-B2E1-E49EC2591B19}
	EndGlobalSection
EndGlobal
